
Microsoft Visual Studio Solution File, Format Version 12.00
# Visual Studio Version 17
VisualStudioVersion = 17.14.36221.1 d17.14
MinimumVisualStudioVersion = 10.0.40219.1
Project("{54A90642-561A-4BB1-A94E-469ADEE60C69}") = "websocketsmessagingtestapp.client", "websocketsmessagingtestapp.client\websocketsmessagingtestapp.client.esproj", "{87FC18E9-7904-A711-C548-C87C1478F4E5}"
EndProject
Project("{FAE04EC0-301F-11D3-BF4B-00C04F79EFBC}") = "WebSocketsMessagingTestApp.Server", "WebSocketsMessagingTestApp.Server\WebSocketsMessagingTestApp.Server.csproj", "{A348B2A6-9CF5-437B-8022-A2E534295F7F}"
EndProject
Global
	GlobalSection(SolutionConfigurationPlatforms) = preSolution
		Debug|Any CPU = Debug|Any CPU
		Release|Any CPU = Release|Any CPU
	EndGlobalSection
	GlobalSection(ProjectConfigurationPlatforms) = postSolution
		{87FC18E9-7904-A711-C548-C87C1478F4E5}.Debug|Any CPU.ActiveCfg = Debug|Any CPU
		{87FC18E9-7904-A711-C548-C87C1478F4E5}.Debug|Any CPU.Build.0 = Debug|Any CPU
		{87FC18E9-7904-A711-C548-C87C1478F4E5}.Debug|Any CPU.Deploy.0 = Debug|Any CPU
		{87FC18E9-7904-A711-C548-C87C1478F4E5}.Release|Any CPU.ActiveCfg = Release|Any CPU
		{87FC18E9-7904-A711-C548-C87C1478F4E5}.Release|Any CPU.Build.0 = Release|Any CPU
		{87FC18E9-7904-A711-C548-C87C1478F4E5}.Release|Any CPU.Deploy.0 = Release|Any CPU
		{A348B2A6-9CF5-437B-8022-A2E534295F7F}.Debug|Any CPU.ActiveCfg = Debug|Any CPU
		{A348B2A6-9CF5-437B-8022-A2E534295F7F}.Debug|Any CPU.Build.0 = Debug|Any CPU
		{A348B2A6-9CF5-437B-8022-A2E534295F7F}.Release|Any CPU.ActiveCfg = Release|Any CPU
		{A348B2A6-9CF5-437B-8022-A2E534295F7F}.Release|Any CPU.Build.0 = Release|Any CPU
	EndGlobalSection
	GlobalSection(SolutionProperties) = preSolution
		HideSolutionNode = FALSE
	EndGlobalSection
	GlobalSection(ExtensibilityGlobals) = postSolution
		SolutionGuid = {3BC9BF28-AA36-49C0-AA2C-790F919F738F}
	EndGlobalSection
EndGlobal
